
Microsoft Visual Studio Solution File, Format Version 12.00
# Visual Studio 15
Project("{FAE04EC0-301F-11D3-BF4B-00C04F79EFBC}") = "UberClone", "UberClone\UberClone.csproj", "{BD3796BA-C0FD-46A0-941C-EC958896E6B2}"
EndProject
Global
	GlobalSection(SolutionConfigurationPlatforms) = preSolution
		Debug|iPhoneSimulator = Debug|iPhoneSimulator
		Release|iPhoneSimulator = Release|iPhoneSimulator
		Debug|iPhone = Debug|iPhone
		Release|iPhone = Release|iPhone
	EndGlobalSection
	GlobalSection(ProjectConfigurationPlatforms) = postSolution
		{BD3796BA-C0FD-46A0-941C-EC958896E6B2}.Debug|iPhoneSimulator.ActiveCfg = Debug|iPhoneSimulator
		{BD3796BA-C0FD-46A0-941C-EC958896E6B2}.Debug|iPhoneSimulator.Build.0 = Debug|iPhoneSimulator
		{BD3796BA-C0FD-46A0-941C-EC958896E6B2}.Release|iPhoneSimulator.ActiveCfg = Release|iPhoneSimulator
		{BD3796BA-C0FD-46A0-941C-EC958896E6B2}.Release|iPhoneSimulator.Build.0 = Release|iPhoneSimulator
		{BD3796BA-C0FD-46A0-941C-EC958896E6B2}.Debug|iPhone.ActiveCfg = Debug|iPhone
		{BD3796BA-C0FD-46A0-941C-EC958896E6B2}.Debug|iPhone.Build.0 = Debug|iPhone
		{BD3796BA-C0FD-46A0-941C-EC958896E6B2}.Release|iPhone.ActiveCfg = Release|iPhone
		{BD3796BA-C0FD-46A0-941C-EC958896E6B2}.Release|iPhone.Build.0 = Release|iPhone
	EndGlobalSection
EndGlobal
